{
  "nodes": {
    "nixpkgs": {
      "locked": {
        "lastModified": 1717020015,
        "narHash": "sha256-voFein69ZTTwNLWYUyodW9OUGrCG8jyRYJczilenMDc=",
        "owner": "NixOS",
        "repo": "nixpkgs",
        "rev": "dbdbf664238af92060527b396f5fdcc02c7d468f",
        "type": "github"
      },
      "original": {
        "owner": "NixOS",
        "repo": "nixpkgs",
        "type": "github"
      }
    },
    "root": {
      "inputs": {
        "nixpkgs": "nixpkgs"
      }
    }
  },
  "root": "root",
  "version": 7
}
