{
  "nodes": {
    "nixpkgs": {
      "locked": {
        "lastModified": 1728489144,
        "narHash": "sha256-YAw4Jd7zvoLONeTAAHGrIlRmd0TUPePrtULCpO/9i/c=",
        "owner": "NixOS",
        "repo": "nixpkgs",
        "rev": "12a7808453a4370baa223b7a4366417e45b050e0",
        "type": "github"
      },
      "original": {
        "owner": "NixOS",
        "repo": "nixpkgs",
        "type": "github"
      }
    },
    "root": {
      "inputs": {
        "nixpkgs": "nixpkgs"
      }
    }
  },
  "root": "root",
  "version": 7
}
