{
  "nodes": {
    "nixpkgs": {
      "locked": {
        "lastModified": 1712772322,
        "narHash": "sha256-j+ccNhjTKXaB1kvfqtnc4ZcoUEvnLJ7RlNWQpqeuCO8=",
        "owner": "NixOS",
        "repo": "nixpkgs",
        "rev": "a4fa45de2becd73f87e16b2baa6264aa7093ff34",
        "type": "github"
      },
      "original": {
        "owner": "NixOS",
        "repo": "nixpkgs",
        "type": "github"
      }
    },
    "root": {
      "inputs": {
        "nixpkgs": "nixpkgs"
      }
    }
  },
  "root": "root",
  "version": 7
}
