{
  "nodes": {
    "disko": {
      "inputs": {
        "nixpkgs": [
          "nixpkgs"
        ]
      },
      "locked": {
        "lastModified": 1752718651,
        "narHash": "sha256-PkaR0qmyP9q/MDN3uYa+RLeBA0PjvEQiM0rTDDBXkL8=",
        "owner": "nix-community",
        "repo": "disko",
        "rev": "d5ad4485e6f2edcc06751df65c5e16572877db88",
        "type": "github"
      },
      "original": {
        "owner": "nix-community",
        "repo": "disko",
        "type": "github"
      }
    },
    "flake-parts": {
      "inputs": {
        "nixpkgs-lib": [
          "nixvim",
          "nixpkgs"
        ]
      },
      "locked": {
        "lastModified": 1751413152,
        "narHash": "sha256-Tyw1RjYEsp5scoigs1384gIg6e0GoBVjms4aXFfRssQ=",
        "owner": "hercules-ci",
        "repo": "flake-parts",
        "rev": "77826244401ea9de6e3bac47c2db46005e1f30b5",
        "type": "github"
      },
      "original": {
        "owner": "hercules-ci",
        "repo": "flake-parts",
        "type": "github"
      }
    },
    "flake-utils": {
      "inputs": {
        "systems": "systems"
      },
      "locked": {
        "lastModified": 1731533236,
        "narHash": "sha256-l0KFg5HjrsfsO/JpG+r7fRrqm12kzFHyUHqHCVpMMbI=",
        "owner": "numtide",
        "repo": "flake-utils",
        "rev": "11707dc2f618dd54ca8739b309ec4fc024de578b",
        "type": "github"
      },
      "original": {
        "owner": "numtide",
        "repo": "flake-utils",
        "type": "github"
      }
    },
    "home-manager": {
      "inputs": {
        "nixpkgs": [
          "nixpkgs"
        ]
      },
      "locked": {
        "lastModified": 1752783339,
        "narHash": "sha256-RXxejsGIWtJ5rJKLAm8Kh159euZHPMi7CtbOoHLsm2c=",
        "owner": "nix-community",
        "repo": "home-manager",
        "rev": "7c78e592a895f2f1921f0024848fe193e2f8518e",
        "type": "github"
      },
      "original": {
        "owner": "nix-community",
        "repo": "home-manager",
        "type": "github"
      }
    },
    "impermanence": {
      "locked": {
        "lastModified": 1737831083,
        "narHash": "sha256-LJggUHbpyeDvNagTUrdhe/pRVp4pnS6wVKALS782gRI=",
        "owner": "nix-community",
        "repo": "impermanence",
        "rev": "4b3e914cdf97a5b536a889e939fb2fd2b043a170",
        "type": "github"
      },
      "original": {
        "owner": "nix-community",
        "ref": "master",
        "repo": "impermanence",
        "type": "github"
      }
    },
    "ixx": {
      "inputs": {
        "flake-utils": [
          "nixvim",
          "nuschtosSearch",
          "flake-utils"
        ],
        "nixpkgs": [
          "nixvim",
          "nuschtosSearch",
          "nixpkgs"
        ]
      },
      "locked": {
        "lastModified": 1748294338,
        "narHash": "sha256-FVO01jdmUNArzBS7NmaktLdGA5qA3lUMJ4B7a05Iynw=",
        "owner": "NuschtOS",
        "repo": "ixx",
        "rev": "cc5f390f7caf265461d4aab37e98d2292ebbdb85",
        "type": "github"
      },
      "original": {
        "owner": "NuschtOS",
        "ref": "v0.0.8",
        "repo": "ixx",
        "type": "github"
      }
    },
    "niri": {
      "inputs": {
        "niri-stable": "niri-stable",
        "niri-unstable": "niri-unstable",
        "nixpkgs": "nixpkgs",
        "nixpkgs-stable": "nixpkgs-stable",
        "xwayland-satellite-stable": "xwayland-satellite-stable",
        "xwayland-satellite-unstable": "xwayland-satellite-unstable"
      },
      "locked": {
        "lastModified": 1752785740,
        "narHash": "sha256-FIMMlkwCHl9BN3RMrMfF/ceGAebEkbvzIoJUVEGX9lY=",
        "owner": "sodiboo",
        "repo": "niri-flake",
        "rev": "47fd69b6ed109f7a80fe70b84b3122d49c08dc05",
        "type": "github"
      },
      "original": {
        "owner": "sodiboo",
        "repo": "niri-flake",
        "type": "github"
      }
    },
    "niri-stable": {
      "flake": false,
      "locked": {
        "lastModified": 1748151941,
        "narHash": "sha256-z4viQZLgC2bIJ3VrzQnR+q2F3gAOEQpU1H5xHtX/2fs=",
        "owner": "YaLTeR",
        "repo": "niri",
        "rev": "8ba57fcf25d2fc9565131684a839d58703f1dae7",
        "type": "github"
      },
      "original": {
        "owner": "YaLTeR",
        "ref": "v25.05.1",
        "repo": "niri",
        "type": "github"
      }
    },
    "niri-unstable": {
      "flake": false,
      "locked": {
        "lastModified": 1752782736,
        "narHash": "sha256-4gvHMrsjUMtu1ieTT9+cf3F4DhiLj4fh4c5BxAVw0xA=",
        "owner": "YaLTeR",
        "repo": "niri",
        "rev": "9c09bc730f37d1d449cc756044ad275010907e4c",
        "type": "github"
      },
      "original": {
        "owner": "YaLTeR",
        "repo": "niri",
        "type": "github"
      }
    },
    "nix-ld": {
      "inputs": {
        "nixpkgs": [
          "nixpkgs"
        ]
      },
      "locked": {
        "lastModified": 1752564969,
        "narHash": "sha256-4858rI66/cpCFZR+iHl6sklXZQ11f9WdlHG5n/ZAS/Q=",
        "owner": "Mic92",
        "repo": "nix-ld",
        "rev": "5b4edcb0357c684b69f406c808646135ee985f8a",
        "type": "github"
      },
      "original": {
        "owner": "Mic92",
        "repo": "nix-ld",
        "type": "github"
      }
    },
    "nixos-hardware": {
      "locked": {
        "lastModified": 1752666637,
        "narHash": "sha256-P8J72psdc/rWliIvp8jUpoQ6qRDlVzgSDDlgkaXQ0Fw=",
        "owner": "NixOS",
        "repo": "nixos-hardware",
        "rev": "d1bfa8f6ccfb5c383e1eba609c1eb67ca24ed153",
        "type": "github"
      },
      "original": {
        "owner": "NixOS",
        "ref": "master",
        "repo": "nixos-hardware",
        "type": "github"
      }
    },
    "nixpkgs": {
      "locked": {
        "lastModified": 1752480373,
        "narHash": "sha256-JHQbm+OcGp32wAsXTE/FLYGNpb+4GLi5oTvCxwSoBOA=",
        "owner": "NixOS",
        "repo": "nixpkgs",
        "rev": "62e0f05ede1da0d54515d4ea8ce9c733f12d9f08",
        "type": "github"
      },
      "original": {
        "owner": "NixOS",
        "ref": "nixos-unstable",
        "repo": "nixpkgs",
        "type": "github"
      }
    },
    "nixpkgs-stable": {
      "locked": {
        "lastModified": 1752620740,
        "narHash": "sha256-f3pO+9lg66mV7IMmmIqG4PL3223TYMlnlw+pnpelbss=",
        "owner": "NixOS",
        "repo": "nixpkgs",
        "rev": "32a4e87942101f1c9f9865e04dc3ddb175f5f32e",
        "type": "github"
      },
      "original": {
        "owner": "NixOS",
        "ref": "nixos-25.05",
        "repo": "nixpkgs",
        "type": "github"
      }
    },
    "nixpkgs_2": {
      "locked": {
        "lastModified": 1752480373,
        "narHash": "sha256-JHQbm+OcGp32wAsXTE/FLYGNpb+4GLi5oTvCxwSoBOA=",
        "owner": "NixOS",
        "repo": "nixpkgs",
        "rev": "62e0f05ede1da0d54515d4ea8ce9c733f12d9f08",
        "type": "github"
      },
      "original": {
        "owner": "NixOS",
        "ref": "nixos-unstable",
        "repo": "nixpkgs",
        "type": "github"
      }
    },
    "nixvim": {
      "inputs": {
        "flake-parts": "flake-parts",
        "nixpkgs": [
          "nixpkgs"
        ],
        "nuschtosSearch": "nuschtosSearch",
        "systems": "systems_2"
      },
      "locked": {
        "lastModified": 1752762787,
        "narHash": "sha256-WZLSOR2Pei7C4nH/ntKUqOZOAa5rgvc2fVZl4RoEXmw=",
        "owner": "nix-community",
        "repo": "nixvim",
        "rev": "bc0555c8694d43fb63ae2c7afec08b6987431a04",
        "type": "github"
      },
      "original": {
        "owner": "nix-community",
        "repo": "nixvim",
        "type": "github"
      }
    },
    "nuschtosSearch": {
      "inputs": {
        "flake-utils": "flake-utils",
        "ixx": "ixx",
        "nixpkgs": [
          "nixvim",
          "nixpkgs"
        ]
      },
      "locked": {
        "lastModified": 1749730855,
        "narHash": "sha256-L3x2nSlFkXkM6tQPLJP3oCBMIsRifhIDPMQQdHO5xWo=",
        "owner": "NuschtOS",
        "repo": "search",
        "rev": "8dfe5879dd009ff4742b668d9c699bc4b9761742",
        "type": "github"
      },
      "original": {
        "owner": "NuschtOS",
        "repo": "search",
        "type": "github"
      }
    },
    "root": {
      "inputs": {
        "disko": "disko",
        "home-manager": "home-manager",
        "impermanence": "impermanence",
        "niri": "niri",
        "nix-ld": "nix-ld",
        "nixos-hardware": "nixos-hardware",
        "nixpkgs": "nixpkgs_2",
        "nixvim": "nixvim"
      }
    },
    "systems": {
      "locked": {
        "lastModified": 1681028828,
        "narHash": "sha256-Vy1rq5AaRuLzOxct8nz4T6wlgyUR7zLU309k9mBC768=",
        "owner": "nix-systems",
        "repo": "default",
        "rev": "da67096a3b9bf56a91d16901293e51ba5b49a27e",
        "type": "github"
      },
      "original": {
        "owner": "nix-systems",
        "repo": "default",
        "type": "github"
      }
    },
    "systems_2": {
      "locked": {
        "lastModified": 1681028828,
        "narHash": "sha256-Vy1rq5AaRuLzOxct8nz4T6wlgyUR7zLU309k9mBC768=",
        "owner": "nix-systems",
        "repo": "default",
        "rev": "da67096a3b9bf56a91d16901293e51ba5b49a27e",
        "type": "github"
      },
      "original": {
        "owner": "nix-systems",
        "repo": "default",
        "type": "github"
      }
    },
    "xwayland-satellite-stable": {
      "flake": false,
      "locked": {
        "lastModified": 1748488455,
        "narHash": "sha256-IiLr1alzKFIy5tGGpDlabQbe6LV1c9ABvkH6T5WmyRI=",
        "owner": "Supreeeme",
        "repo": "xwayland-satellite",
        "rev": "3ba30b149f9eb2bbf42cf4758d2158ca8cceef73",
        "type": "github"
      },
      "original": {
        "owner": "Supreeeme",
        "ref": "v0.6",
        "repo": "xwayland-satellite",
        "type": "github"
      }
    },
    "xwayland-satellite-unstable": {
      "flake": false,
      "locked": {
        "lastModified": 1752338000,
        "narHash": "sha256-Fxlp/yKtynug0jyuauAmvZU2SzHCfwlwWf85j+IvQ0U=",
        "owner": "Supreeeme",
        "repo": "xwayland-satellite",
        "rev": "ba78881a68182ce338041846164cbfed0d70935c",
        "type": "github"
      },
      "original": {
        "owner": "Supreeeme",
        "repo": "xwayland-satellite",
        "type": "github"
      }
    }
  },
  "root": "root",
  "version": 7
}
