{
  "nodes": {
    "disko": {
      "inputs": {
        "nixpkgs": [
          "nixpkgs"
        ]
      },
      "locked": {
        "lastModified": 1728334376,
        "narHash": "sha256-CTKEKPzD/j8FK6H4DO3EjyixZd3HHvgAgfnCwpGFP5c=",
        "owner": "nix-community",
        "repo": "disko",
        "rev": "d39ee334984fcdae6244f5a8e6ab857479cbaefe",
        "type": "github"
      },
      "original": {
        "owner": "nix-community",
        "repo": "disko",
        "type": "github"
      }
    },
    "flake-parts": {
      "inputs": {
        "nixpkgs-lib": "nixpkgs-lib"
      },
      "locked": {
        "lastModified": 1727826117,
        "narHash": "sha256-K5ZLCyfO/Zj9mPFldf3iwS6oZStJcU4tSpiXTMYaaL0=",
        "owner": "hercules-ci",
        "repo": "flake-parts",
        "rev": "3d04084d54bedc3d6b8b736c70ef449225c361b1",
        "type": "github"
      },
      "original": {
        "owner": "hercules-ci",
        "repo": "flake-parts",
        "type": "github"
      }
    },
    "flatpaks": {
      "locked": {
        "lastModified": 1711997201,
        "narHash": "sha256-J71xzQlVYsjagA4AsVwRazhBh2rZrPpKvxTgs6UzL7c=",
        "owner": "gmodena",
        "repo": "nix-flatpak",
        "rev": "b76fa31346db7fc958a9898f3c594696ca71c4fd",
        "type": "github"
      },
      "original": {
        "owner": "gmodena",
        "ref": "v0.4.1",
        "repo": "nix-flatpak",
        "type": "github"
      }
    },
    "home-manager": {
      "inputs": {
        "nixpkgs": [
          "nixpkgs"
        ]
      },
      "locked": {
        "lastModified": 1728337164,
        "narHash": "sha256-VdRTjJFyq4Q9U7Z/UoC2Q5jK8vSo6E86lHc2OanXtvc=",
        "owner": "nix-community",
        "repo": "home-manager",
        "rev": "038630363e7de57c36c417fd2f5d7c14773403e4",
        "type": "github"
      },
      "original": {
        "owner": "nix-community",
        "repo": "home-manager",
        "type": "github"
      }
    },
    "impermanence": {
      "locked": {
        "lastModified": 1727649413,
        "narHash": "sha256-FA53of86DjFdeQzRDVtvgWF9o52rWK70VHGx0Y8fElQ=",
        "owner": "nix-community",
        "repo": "impermanence",
        "rev": "d0b38e550039a72aff896ee65b0918e975e6d48e",
        "type": "github"
      },
      "original": {
        "owner": "nix-community",
        "ref": "master",
        "repo": "impermanence",
        "type": "github"
      }
    },
    "niri": {
      "inputs": {
        "flake-parts": "flake-parts",
        "niri-stable": "niri-stable",
        "niri-unstable": "niri-unstable",
        "nixpkgs": "nixpkgs",
        "nixpkgs-stable": "nixpkgs-stable",
        "xwayland-satellite-stable": "xwayland-satellite-stable",
        "xwayland-satellite-unstable": "xwayland-satellite-unstable"
      },
      "locked": {
        "lastModified": 1728372489,
        "narHash": "sha256-4Lm/bSzK5si/VM3E83d2xJDs5Es61TIfzNhK+dZHCl8=",
        "owner": "sodiboo",
        "repo": "niri-flake",
        "rev": "9d1699bb73790d48345843ea11bd4fee5db052dd",
        "type": "github"
      },
      "original": {
        "owner": "sodiboo",
        "repo": "niri-flake",
        "type": "github"
      }
    },
    "niri-stable": {
      "flake": false,
      "locked": {
        "lastModified": 1726304152,
        "narHash": "sha256-4YDrKMwXGVOBkeaISbxqf24rLuHvO98TnqxWYfgiSeg=",
        "owner": "YaLTeR",
        "repo": "niri",
        "rev": "6a48728ffb1e638839b07f9ab2f06b2adb41dc61",
        "type": "github"
      },
      "original": {
        "owner": "YaLTeR",
        "ref": "v0.1.9",
        "repo": "niri",
        "type": "github"
      }
    },
    "niri-unstable": {
      "flake": false,
      "locked": {
        "lastModified": 1728277759,
        "narHash": "sha256-pMUMUo4vMcdjU4d8wuEHI5i8fW8SzYptR3GZPeDru1c=",
        "owner": "YaLTeR",
        "repo": "niri",
        "rev": "03c603918d817762ee95d21ea15a854adf47886e",
        "type": "github"
      },
      "original": {
        "owner": "YaLTeR",
        "repo": "niri",
        "type": "github"
      }
    },
    "nixos-hardware": {
      "locked": {
        "lastModified": 1728269138,
        "narHash": "sha256-oKxDImsOvgUZMY4NwXVyUc/c1HiU2qInX+b5BU0yXls=",
        "owner": "NixOS",
        "repo": "nixos-hardware",
        "rev": "ecfcd787f373f43307d764762e139a7cdeb9c22b",
        "type": "github"
      },
      "original": {
        "owner": "NixOS",
        "ref": "master",
        "repo": "nixos-hardware",
        "type": "github"
      }
    },
    "nixpkgs": {
      "locked": {
        "lastModified": 1728241625,
        "narHash": "sha256-yumd4fBc/hi8a9QgA9IT8vlQuLZ2oqhkJXHPKxH/tRw=",
        "owner": "NixOS",
        "repo": "nixpkgs",
        "rev": "c31898adf5a8ed202ce5bea9f347b1c6871f32d1",
        "type": "github"
      },
      "original": {
        "owner": "NixOS",
        "ref": "nixos-unstable",
        "repo": "nixpkgs",
        "type": "github"
      }
    },
    "nixpkgs-lib": {
      "locked": {
        "lastModified": 1727825735,
        "narHash": "sha256-0xHYkMkeLVQAMa7gvkddbPqpxph+hDzdu1XdGPJR+Os=",
        "type": "tarball",
        "url": "https://github.com/NixOS/nixpkgs/archive/fb192fec7cc7a4c26d51779e9bab07ce6fa5597a.tar.gz"
      },
      "original": {
        "type": "tarball",
        "url": "https://github.com/NixOS/nixpkgs/archive/fb192fec7cc7a4c26d51779e9bab07ce6fa5597a.tar.gz"
      }
    },
    "nixpkgs-stable": {
      "locked": {
        "lastModified": 1728193676,
        "narHash": "sha256-PbDWAIjKJdlVg+qQRhzdSor04bAPApDqIv2DofTyynk=",
        "owner": "NixOS",
        "repo": "nixpkgs",
        "rev": "ecbc1ca8ffd6aea8372ad16be9ebbb39889e55b6",
        "type": "github"
      },
      "original": {
        "owner": "NixOS",
        "ref": "nixos-24.05",
        "repo": "nixpkgs",
        "type": "github"
      }
    },
    "nixpkgs_2": {
      "locked": {
        "lastModified": 1728241625,
        "narHash": "sha256-yumd4fBc/hi8a9QgA9IT8vlQuLZ2oqhkJXHPKxH/tRw=",
        "owner": "NixOS",
        "repo": "nixpkgs",
        "rev": "c31898adf5a8ed202ce5bea9f347b1c6871f32d1",
        "type": "github"
      },
      "original": {
        "owner": "NixOS",
        "ref": "nixos-unstable",
        "repo": "nixpkgs",
        "type": "github"
      }
    },
    "root": {
      "inputs": {
        "disko": "disko",
        "flatpaks": "flatpaks",
        "home-manager": "home-manager",
        "impermanence": "impermanence",
        "niri": "niri",
        "nixos-hardware": "nixos-hardware",
        "nixpkgs": "nixpkgs_2"
      }
    },
    "xwayland-satellite-stable": {
      "flake": false,
      "locked": {
        "lastModified": 1718165778,
        "narHash": "sha256-dwF9nI54a6Fo9XU5s4qmvMXSgCid3YQVGxch00qEMvI=",
        "owner": "Supreeeme",
        "repo": "xwayland-satellite",
        "rev": "b6d281967cb0b7bf1dfdb8d0f597b517dc4aa5c5",
        "type": "github"
      },
      "original": {
        "owner": "Supreeeme",
        "ref": "v0.4",
        "repo": "xwayland-satellite",
        "type": "github"
      }
    },
    "xwayland-satellite-unstable": {
      "flake": false,
      "locked": {
        "lastModified": 1726378112,
        "narHash": "sha256-OANPb73V/RQDqtpIcbzeJ93KuOHKFQv+1xXC44Ut7tY=",
        "owner": "Supreeeme",
        "repo": "xwayland-satellite",
        "rev": "b962a0f33b503aa39c9cf6919f488b664e5b79b4",
        "type": "github"
      },
      "original": {
        "owner": "Supreeeme",
        "repo": "xwayland-satellite",
        "type": "github"
      }
    }
  },
  "root": "root",
  "version": 7
}
